
Microsoft Visual Studio Solution File, Format Version 12.00
# Visual Studio Version 17
VisualStudioVersion = 17.9.34728.123
MinimumVisualStudioVersion = 10.0.40219.1
Project("{FAE04EC0-301F-11D3-BF4B-00C04F79EFBC}") = "ProyectoMatrices", "ProyectoMatrices\ProyectoMatrices.csproj", "{FBCF9B90-BDDD-4F0E-9C8B-8B19B966629B}"
EndProject
Global
	GlobalSection(SolutionConfigurationPlatforms) = preSolution
		Debug|Any CPU = Debug|Any CPU
		Release|Any CPU = Release|Any CPU
	EndGlobalSection
	GlobalSection(ProjectConfigurationPlatforms) = postSolution
		{FBCF9B90-BDDD-4F0E-9C8B-8B19B966629B}.Debug|Any CPU.ActiveCfg = Debug|Any CPU
		{FBCF9B90-BDDD-4F0E-9C8B-8B19B966629B}.Debug|Any CPU.Build.0 = Debug|Any CPU
		{FBCF9B90-BDDD-4F0E-9C8B-8B19B966629B}.Release|Any CPU.ActiveCfg = Release|Any CPU
		{FBCF9B90-BDDD-4F0E-9C8B-8B19B966629B}.Release|Any CPU.Build.0 = Release|Any CPU
	EndGlobalSection
	GlobalSection(SolutionProperties) = preSolution
		HideSolutionNode = FALSE
	EndGlobalSection
	GlobalSection(ExtensibilityGlobals) = postSolution
		SolutionGuid = {BB092F39-6AE2-4D88-AD87-B0EB8D41CC36}
	EndGlobalSection
EndGlobal
